
Microsoft Visual Studio Solution File, Format Version 12.00
# Visual Studio Version 17
VisualStudioVersion = 17.14.36212.18 d17.14
MinimumVisualStudioVersion = 10.0.40219.1
Project("{FAE04EC0-301F-11D3-BF4B-00C04F79EFBC}") = "Banking.Mortgage.RiskEngine", "Banking.Mortgage.RiskEngine\Banking.Mortgage.RiskEngine.csproj", "{FA6C9078-51A2-4A2C-B50C-31A69EB8C04F}"
EndProject
Global
	GlobalSection(SolutionConfigurationPlatforms) = preSolution
		Debug|Any CPU = Debug|Any CPU
		Release|Any CPU = Release|Any CPU
	EndGlobalSection
	GlobalSection(ProjectConfigurationPlatforms) = postSolution
		{FA6C9078-51A2-4A2C-B50C-31A69EB8C04F}.Debug|Any CPU.ActiveCfg = Debug|Any CPU
		{FA6C9078-51A2-4A2C-B50C-31A69EB8C04F}.Debug|Any CPU.Build.0 = Debug|Any CPU
		{FA6C9078-51A2-4A2C-B50C-31A69EB8C04F}.Release|Any CPU.ActiveCfg = Release|Any CPU
		{FA6C9078-51A2-4A2C-B50C-31A69EB8C04F}.Release|Any CPU.Build.0 = Release|Any CPU
	EndGlobalSection
	GlobalSection(SolutionProperties) = preSolution
		HideSolutionNode = FALSE
	EndGlobalSection
	GlobalSection(ExtensibilityGlobals) = postSolution
		SolutionGuid = {94115B9B-0307-4495-A989-790599F0A82E}
	EndGlobalSection
EndGlobal
